
Microsoft Visual Studio Solution File, Format Version 12.00
# Visual Studio 15
VisualStudioVersion = 15.0.27703.2042
MinimumVisualStudioVersion = 10.0.40219.1
Project("{2150E333-8FDC-42A3-9474-1A3956D46DE8}") = "lib", "lib", "{8248B5DF-6154-479A-B679-29DE0CE5A192}"
EndProject
Project("{FAE04EC0-301F-11D3-BF4B-00C04F79EFBC}") = "AXAMansard.Framework", "lib\PANE.Framework\AXAMansard.Framework.csproj", "{26798E26-3520-4A64-A73A-B098A8DB7077}"
EndProject
Project("{FAE04EC0-301F-11D3-BF4B-00C04F79EFBC}") = "CoreBusiness", "src\CoreBusiness\CoreBusiness.csproj", "{F5B538C1-D42A-4FAC-8F5A-1E0BBCCEF3D5}"
EndProject
Project("{FAE04EC0-301F-11D3-BF4B-00C04F79EFBC}") = "CoreDataAccess", "src\CoreDataAccess\CoreDataAccess.csproj", "{F35D8282-1495-4A2E-9AD8-1612AAF40DD1}"
EndProject
Project("{FAE04EC0-301F-11D3-BF4B-00C04F79EFBC}") = "CoreBusinessLogic", "src\CoreBusinessLogic\CoreBusinessLogic.csproj", "{08BD1371-7646-4341-8EDA-756A4061DBF6}"
EndProject
Project("{FAE04EC0-301F-11D3-BF4B-00C04F79EFBC}") = "Test.App", "src\Test.App\Test.App.csproj", "{0A6C0C1B-91F0-496E-8248-32AA1F4CD872}"
EndProject
Project("{FAE04EC0-301F-11D3-BF4B-00C04F79EFBC}") = "crypto.Net45", "lib\crypto\crypto.Net45.csproj", "{45473847-8AF8-4BAF-B768-442C6875B8CF}"
EndProject
Project("{FAE04EC0-301F-11D3-BF4B-00C04F79EFBC}") = "PGPSnippet", "lib\PGPSnippet\PGPSnippet.csproj", "{685B393B-1456-4F2D-B338-20DCE496225B}"
EndProject
Project("{FAE04EC0-301F-11D3-BF4B-00C04F79EFBC}") = "WebAdmin", "src\WebAdmin\WebAdmin.csproj", "{719E78FC-77C4-42AE-AF98-F2BA9BA20BB7}"
EndProject
Project("{FAE04EC0-301F-11D3-BF4B-00C04F79EFBC}") = "TokenGenerator.Android", "src\TokenGenerator\TokenGenerator.Android\TokenGenerator.Android.csproj", "{DDBA76D9-B538-4E7B-8D5D-831337750DD5}"
EndProject
Project("{FAE04EC0-301F-11D3-BF4B-00C04F79EFBC}") = "TokenGenerator.iOS", "src\TokenGenerator\TokenGenerator.iOS\TokenGenerator.iOS.csproj", "{11CFFFB0-BB73-4484-8F30-AE06E0BBBAFC}"
EndProject
Project("{FAE04EC0-301F-11D3-BF4B-00C04F79EFBC}") = "TokenGenerator.UWP", "src\TokenGenerator\TokenGenerator.UWP\TokenGenerator.UWP.csproj", "{E02A1B5A-45C4-4344-8419-A2ACD9A0334E}"
EndProject
Project("{FAE04EC0-301F-11D3-BF4B-00C04F79EFBC}") = "TokenGenerator", "src\TokenGenerator\TokenGenerator\TokenGenerator.csproj", "{6D17B919-6422-4DAB-8D13-40F22AE1C55F}"
EndProject
Global
	GlobalSection(SolutionConfigurationPlatforms) = preSolution
		Ad-Hoc|Any CPU = Ad-Hoc|Any CPU
		Ad-Hoc|ARM = Ad-Hoc|ARM
		Ad-Hoc|iPhone = Ad-Hoc|iPhone
		Ad-Hoc|iPhoneSimulator = Ad-Hoc|iPhoneSimulator
		Ad-Hoc|x64 = Ad-Hoc|x64
		Ad-Hoc|x86 = Ad-Hoc|x86
		AppStore|Any CPU = AppStore|Any CPU
		AppStore|ARM = AppStore|ARM
		AppStore|iPhone = AppStore|iPhone
		AppStore|iPhoneSimulator = AppStore|iPhoneSimulator
		AppStore|x64 = AppStore|x64
		AppStore|x86 = AppStore|x86
		Debug|Any CPU = Debug|Any CPU
		Debug|ARM = Debug|ARM
		Debug|iPhone = Debug|iPhone
		Debug|iPhoneSimulator = Debug|iPhoneSimulator
		Debug|x64 = Debug|x64
		Debug|x86 = Debug|x86
		Release|Any CPU = Release|Any CPU
		Release|ARM = Release|ARM
		Release|iPhone = Release|iPhone
		Release|iPhoneSimulator = Release|iPhoneSimulator
		Release|x64 = Release|x64
		Release|x86 = Release|x86
	EndGlobalSection
	GlobalSection(ProjectConfigurationPlatforms) = postSolution
		{26798E26-3520-4A64-A73A-B098A8DB7077}.Ad-Hoc|Any CPU.ActiveCfg = Release|Any CPU
		{26798E26-3520-4A64-A73A-B098A8DB7077}.Ad-Hoc|Any CPU.Build.0 = Release|Any CPU
		{26798E26-3520-4A64-A73A-B098A8DB7077}.Ad-Hoc|ARM.ActiveCfg = Release|Any CPU
		{26798E26-3520-4A64-A73A-B098A8DB7077}.Ad-Hoc|ARM.Build.0 = Release|Any CPU
		{26798E26-3520-4A64-A73A-B098A8DB7077}.Ad-Hoc|iPhone.ActiveCfg = Release|Any CPU
		{26798E26-3520-4A64-A73A-B098A8DB7077}.Ad-Hoc|iPhone.Build.0 = Release|Any CPU
		{26798E26-3520-4A64-A73A-B098A8DB7077}.Ad-Hoc|iPhoneSimulator.ActiveCfg = Release|Any CPU
		{26798E26-3520-4A64-A73A-B098A8DB7077}.Ad-Hoc|iPhoneSimulator.Build.0 = Release|Any CPU
		{26798E26-3520-4A64-A73A-B098A8DB7077}.Ad-Hoc|x64.ActiveCfg = Release|x64
		{26798E26-3520-4A64-A73A-B098A8DB7077}.Ad-Hoc|x64.Build.0 = Release|x64
		{26798E26-3520-4A64-A73A-B098A8DB7077}.Ad-Hoc|x86.ActiveCfg = Release|x86
		{26798E26-3520-4A64-A73A-B098A8DB7077}.Ad-Hoc|x86.Build.0 = Release|x86
		{26798E26-3520-4A64-A73A-B098A8DB7077}.AppStore|Any CPU.ActiveCfg = Release|Any CPU
		{26798E26-3520-4A64-A73A-B098A8DB7077}.AppStore|Any CPU.Build.0 = Release|Any CPU
		{26798E26-3520-4A64-A73A-B098A8DB7077}.AppStore|ARM.ActiveCfg = Release|Any CPU
		{26798E26-3520-4A64-A73A-B098A8DB7077}.AppStore|ARM.Build.0 = Release|Any CPU
		{26798E26-3520-4A64-A73A-B098A8DB7077}.AppStore|iPhone.ActiveCfg = Release|Any CPU
		{26798E26-3520-4A64-A73A-B098A8DB7077}.AppStore|iPhone.Build.0 = Release|Any CPU
		{26798E26-3520-4A64-A73A-B098A8DB7077}.AppStore|iPhoneSimulator.ActiveCfg = Release|Any CPU
		{26798E26-3520-4A64-A73A-B098A8DB7077}.AppStore|iPhoneSimulator.Build.0 = Release|Any CPU
		{26798E26-3520-4A64-A73A-B098A8DB7077}.AppStore|x64.ActiveCfg = Release|x64
		{26798E26-3520-4A64-A73A-B098A8DB7077}.AppStore|x64.Build.0 = Release|x64
		{26798E26-3520-4A64-A73A-B098A8DB7077}.AppStore|x86.ActiveCfg = Release|x86
		{26798E26-3520-4A64-A73A-B098A8DB7077}.AppStore|x86.Build.0 = Release|x86
		{26798E26-3520-4A64-A73A-B098A8DB7077}.Debug|Any CPU.ActiveCfg = Debug|Any CPU
		{26798E26-3520-4A64-A73A-B098A8DB7077}.Debug|Any CPU.Build.0 = Debug|Any CPU
		{26798E26-3520-4A64-A73A-B098A8DB7077}.Debug|ARM.ActiveCfg = Debug|Any CPU
		{26798E26-3520-4A64-A73A-B098A8DB7077}.Debug|ARM.Build.0 = Debug|Any CPU
		{26798E26-3520-4A64-A73A-B098A8DB7077}.Debug|iPhone.ActiveCfg = Debug|Any CPU
		{26798E26-3520-4A64-A73A-B098A8DB7077}.Debug|iPhone.Build.0 = Debug|Any CPU
		{26798E26-3520-4A64-A73A-B098A8DB7077}.Debug|iPhoneSimulator.ActiveCfg = Debug|Any CPU
		{26798E26-3520-4A64-A73A-B098A8DB7077}.Debug|iPhoneSimulator.Build.0 = Debug|Any CPU
		{26798E26-3520-4A64-A73A-B098A8DB7077}.Debug|x64.ActiveCfg = Debug|x64
		{26798E26-3520-4A64-A73A-B098A8DB7077}.Debug|x64.Build.0 = Debug|x64
		{26798E26-3520-4A64-A73A-B098A8DB7077}.Debug|x86.ActiveCfg = Debug|x86
		{26798E26-3520-4A64-A73A-B098A8DB7077}.Debug|x86.Build.0 = Debug|x86
		{26798E26-3520-4A64-A73A-B098A8DB7077}.Release|Any CPU.ActiveCfg = Release|Any CPU
		{26798E26-3520-4A64-A73A-B098A8DB7077}.Release|Any CPU.Build.0 = Release|Any CPU
		{26798E26-3520-4A64-A73A-B098A8DB7077}.Release|ARM.ActiveCfg = Release|Any CPU
		{26798E26-3520-4A64-A73A-B098A8DB7077}.Release|ARM.Build.0 = Release|Any CPU
		{26798E26-3520-4A64-A73A-B098A8DB7077}.Release|iPhone.ActiveCfg = Release|Any CPU
		{26798E26-3520-4A64-A73A-B098A8DB7077}.Release|iPhone.Build.0 = Release|Any CPU
		{26798E26-3520-4A64-A73A-B098A8DB7077}.Release|iPhoneSimulator.ActiveCfg = Release|Any CPU
		{26798E26-3520-4A64-A73A-B098A8DB7077}.Release|iPhoneSimulator.Build.0 = Release|Any CPU
		{26798E26-3520-4A64-A73A-B098A8DB7077}.Release|x64.ActiveCfg = Release|x64
		{26798E26-3520-4A64-A73A-B098A8DB7077}.Release|x64.Build.0 = Release|x64
		{26798E26-3520-4A64-A73A-B098A8DB7077}.Release|x86.ActiveCfg = Release|x86
		{26798E26-3520-4A64-A73A-B098A8DB7077}.Release|x86.Build.0 = Release|x86
		{F5B538C1-D42A-4FAC-8F5A-1E0BBCCEF3D5}.Ad-Hoc|Any CPU.ActiveCfg = Release|Any CPU
		{F5B538C1-D42A-4FAC-8F5A-1E0BBCCEF3D5}.Ad-Hoc|Any CPU.Build.0 = Release|Any CPU
		{F5B538C1-D42A-4FAC-8F5A-1E0BBCCEF3D5}.Ad-Hoc|ARM.ActiveCfg = Release|Any CPU
		{F5B538C1-D42A-4FAC-8F5A-1E0BBCCEF3D5}.Ad-Hoc|ARM.Build.0 = Release|Any CPU
		{F5B538C1-D42A-4FAC-8F5A-1E0BBCCEF3D5}.Ad-Hoc|iPhone.ActiveCfg = Release|Any CPU
		{F5B538C1-D42A-4FAC-8F5A-1E0BBCCEF3D5}.Ad-Hoc|iPhone.Build.0 = Release|Any CPU
		{F5B538C1-D42A-4FAC-8F5A-1E0BBCCEF3D5}.Ad-Hoc|iPhoneSimulator.ActiveCfg = Release|Any CPU
		{F5B538C1-D42A-4FAC-8F5A-1E0BBCCEF3D5}.Ad-Hoc|iPhoneSimulator.Build.0 = Release|Any CPU
		{F5B538C1-D42A-4FAC-8F5A-1E0BBCCEF3D5}.Ad-Hoc|x64.ActiveCfg = Release|Any CPU
		{F5B538C1-D42A-4FAC-8F5A-1E0BBCCEF3D5}.Ad-Hoc|x64.Build.0 = Release|Any CPU
		{F5B538C1-D42A-4FAC-8F5A-1E0BBCCEF3D5}.Ad-Hoc|x86.ActiveCfg = Release|Any CPU
		{F5B538C1-D42A-4FAC-8F5A-1E0BBCCEF3D5}.Ad-Hoc|x86.Build.0 = Release|Any CPU
		{F5B538C1-D42A-4FAC-8F5A-1E0BBCCEF3D5}.AppStore|Any CPU.ActiveCfg = Release|Any CPU
		{F5B538C1-D42A-4FAC-8F5A-1E0BBCCEF3D5}.AppStore|Any CPU.Build.0 = Release|Any CPU
		{F5B538C1-D42A-4FAC-8F5A-1E0BBCCEF3D5}.AppStore|ARM.ActiveCfg = Release|Any CPU
		{F5B538C1-D42A-4FAC-8F5A-1E0BBCCEF3D5}.AppStore|ARM.Build.0 = Release|Any CPU
		{F5B538C1-D42A-4FAC-8F5A-1E0BBCCEF3D5}.AppStore|iPhone.ActiveCfg = Release|Any CPU
		{F5B538C1-D42A-4FAC-8F5A-1E0BBCCEF3D5}.AppStore|iPhone.Build.0 = Release|Any CPU
		{F5B538C1-D42A-4FAC-8F5A-1E0BBCCEF3D5}.AppStore|iPhoneSimulator.ActiveCfg = Release|Any CPU
		{F5B538C1-D42A-4FAC-8F5A-1E0BBCCEF3D5}.AppStore|iPhoneSimulator.Build.0 = Release|Any CPU
		{F5B538C1-D42A-4FAC-8F5A-1E0BBCCEF3D5}.AppStore|x64.ActiveCfg = Release|Any CPU
		{F5B538C1-D42A-4FAC-8F5A-1E0BBCCEF3D5}.AppStore|x64.Build.0 = Release|Any CPU
		{F5B538C1-D42A-4FAC-8F5A-1E0BBCCEF3D5}.AppStore|x86.ActiveCfg = Release|Any CPU
		{F5B538C1-D42A-4FAC-8F5A-1E0BBCCEF3D5}.AppStore|x86.Build.0 = Release|Any CPU
		{F5B538C1-D42A-4FAC-8F5A-1E0BBCCEF3D5}.Debug|Any CPU.ActiveCfg = Debug|Any CPU
		{F5B538C1-D42A-4FAC-8F5A-1E0BBCCEF3D5}.Debug|Any CPU.Build.0 = Debug|Any CPU
		{F5B538C1-D42A-4FAC-8F5A-1E0BBCCEF3D5}.Debug|ARM.ActiveCfg = Debug|Any CPU
		{F5B538C1-D42A-4FAC-8F5A-1E0BBCCEF3D5}.Debug|ARM.Build.0 = Debug|Any CPU
		{F5B538C1-D42A-4FAC-8F5A-1E0BBCCEF3D5}.Debug|iPhone.ActiveCfg = Debug|Any CPU
		{F5B538C1-D42A-4FAC-8F5A-1E0BBCCEF3D5}.Debug|iPhone.Build.0 = Debug|Any CPU
		{F5B538C1-D42A-4FAC-8F5A-1E0BBCCEF3D5}.Debug|iPhoneSimulator.ActiveCfg = Debug|Any CPU
		{F5B538C1-D42A-4FAC-8F5A-1E0BBCCEF3D5}.Debug|iPhoneSimulator.Build.0 = Debug|Any CPU
		{F5B538C1-D42A-4FAC-8F5A-1E0BBCCEF3D5}.Debug|x64.ActiveCfg = Debug|Any CPU
		{F5B538C1-D42A-4FAC-8F5A-1E0BBCCEF3D5}.Debug|x64.Build.0 = Debug|Any CPU
		{F5B538C1-D42A-4FAC-8F5A-1E0BBCCEF3D5}.Debug|x86.ActiveCfg = Debug|Any CPU
		{F5B538C1-D42A-4FAC-8F5A-1E0BBCCEF3D5}.Debug|x86.Build.0 = Debug|Any CPU
		{F5B538C1-D42A-4FAC-8F5A-1E0BBCCEF3D5}.Release|Any CPU.ActiveCfg = Release|Any CPU
		{F5B538C1-D42A-4FAC-8F5A-1E0BBCCEF3D5}.Release|Any CPU.Build.0 = Release|Any CPU
		{F5B538C1-D42A-4FAC-8F5A-1E0BBCCEF3D5}.Release|ARM.ActiveCfg = Release|Any CPU
		{F5B538C1-D42A-4FAC-8F5A-1E0BBCCEF3D5}.Release|ARM.Build.0 = Release|Any CPU
		{F5B538C1-D42A-4FAC-8F5A-1E0BBCCEF3D5}.Release|iPhone.ActiveCfg = Release|Any CPU
		{F5B538C1-D42A-4FAC-8F5A-1E0BBCCEF3D5}.Release|iPhone.Build.0 = Release|Any CPU
		{F5B538C1-D42A-4FAC-8F5A-1E0BBCCEF3D5}.Release|iPhoneSimulator.ActiveCfg = Release|Any CPU
		{F5B538C1-D42A-4FAC-8F5A-1E0BBCCEF3D5}.Release|iPhoneSimulator.Build.0 = Release|Any CPU
		{F5B538C1-D42A-4FAC-8F5A-1E0BBCCEF3D5}.Release|x64.ActiveCfg = Release|Any CPU
		{F5B538C1-D42A-4FAC-8F5A-1E0BBCCEF3D5}.Release|x64.Build.0 = Release|Any CPU
		{F5B538C1-D42A-4FAC-8F5A-1E0BBCCEF3D5}.Release|x86.ActiveCfg = Release|Any CPU
		{F5B538C1-D42A-4FAC-8F5A-1E0BBCCEF3D5}.Release|x86.Build.0 = Release|Any CPU
		{F35D8282-1495-4A2E-9AD8-1612AAF40DD1}.Ad-Hoc|Any CPU.ActiveCfg = Release|Any CPU
		{F35D8282-1495-4A2E-9AD8-1612AAF40DD1}.Ad-Hoc|Any CPU.Build.0 = Release|Any CPU
		{F35D8282-1495-4A2E-9AD8-1612AAF40DD1}.Ad-Hoc|ARM.ActiveCfg = Release|Any CPU
		{F35D8282-1495-4A2E-9AD8-1612AAF40DD1}.Ad-Hoc|ARM.Build.0 = Release|Any CPU
		{F35D8282-1495-4A2E-9AD8-1612AAF40DD1}.Ad-Hoc|iPhone.ActiveCfg = Release|Any CPU
		{F35D8282-1495-4A2E-9AD8-1612AAF40DD1}.Ad-Hoc|iPhone.Build.0 = Release|Any CPU
		{F35D8282-1495-4A2E-9AD8-1612AAF40DD1}.Ad-Hoc|iPhoneSimulator.ActiveCfg = Release|Any CPU
		{F35D8282-1495-4A2E-9AD8-1612AAF40DD1}.Ad-Hoc|iPhoneSimulator.Build.0 = Release|Any CPU
		{F35D8282-1495-4A2E-9AD8-1612AAF40DD1}.Ad-Hoc|x64.ActiveCfg = Release|Any CPU
		{F35D8282-1495-4A2E-9AD8-1612AAF40DD1}.Ad-Hoc|x64.Build.0 = Release|Any CPU
		{F35D8282-1495-4A2E-9AD8-1612AAF40DD1}.Ad-Hoc|x86.ActiveCfg = Release|Any CPU
		{F35D8282-1495-4A2E-9AD8-1612AAF40DD1}.Ad-Hoc|x86.Build.0 = Release|Any CPU
		{F35D8282-1495-4A2E-9AD8-1612AAF40DD1}.AppStore|Any CPU.ActiveCfg = Release|Any CPU
		{F35D8282-1495-4A2E-9AD8-1612AAF40DD1}.AppStore|Any CPU.Build.0 = Release|Any CPU
		{F35D8282-1495-4A2E-9AD8-1612AAF40DD1}.AppStore|ARM.ActiveCfg = Release|Any CPU
		{F35D8282-1495-4A2E-9AD8-1612AAF40DD1}.AppStore|ARM.Build.0 = Release|Any CPU
		{F35D8282-1495-4A2E-9AD8-1612AAF40DD1}.AppStore|iPhone.ActiveCfg = Release|Any CPU
		{F35D8282-1495-4A2E-9AD8-1612AAF40DD1}.AppStore|iPhone.Build.0 = Release|Any CPU
		{F35D8282-1495-4A2E-9AD8-1612AAF40DD1}.AppStore|iPhoneSimulator.ActiveCfg = Release|Any CPU
		{F35D8282-1495-4A2E-9AD8-1612AAF40DD1}.AppStore|iPhoneSimulator.Build.0 = Release|Any CPU
		{F35D8282-1495-4A2E-9AD8-1612AAF40DD1}.AppStore|x64.ActiveCfg = Release|Any CPU
		{F35D8282-1495-4A2E-9AD8-1612AAF40DD1}.AppStore|x64.Build.0 = Release|Any CPU
		{F35D8282-1495-4A2E-9AD8-1612AAF40DD1}.AppStore|x86.ActiveCfg = Release|Any CPU
		{F35D8282-1495-4A2E-9AD8-1612AAF40DD1}.AppStore|x86.Build.0 = Release|Any CPU
		{F35D8282-1495-4A2E-9AD8-1612AAF40DD1}.Debug|Any CPU.ActiveCfg = Debug|Any CPU
		{F35D8282-1495-4A2E-9AD8-1612AAF40DD1}.Debug|Any CPU.Build.0 = Debug|Any CPU
		{F35D8282-1495-4A2E-9AD8-1612AAF40DD1}.Debug|ARM.ActiveCfg = Debug|Any CPU
		{F35D8282-1495-4A2E-9AD8-1612AAF40DD1}.Debug|ARM.Build.0 = Debug|Any CPU
		{F35D8282-1495-4A2E-9AD8-1612AAF40DD1}.Debug|iPhone.ActiveCfg = Debug|Any CPU
		{F35D8282-1495-4A2E-9AD8-1612AAF40DD1}.Debug|iPhone.Build.0 = Debug|Any CPU
		{F35D8282-1495-4A2E-9AD8-1612AAF40DD1}.Debug|iPhoneSimulator.ActiveCfg = Debug|Any CPU
		{F35D8282-1495-4A2E-9AD8-1612AAF40DD1}.Debug|iPhoneSimulator.Build.0 = Debug|Any CPU
		{F35D8282-1495-4A2E-9AD8-1612AAF40DD1}.Debug|x64.ActiveCfg = Debug|Any CPU
		{F35D8282-1495-4A2E-9AD8-1612AAF40DD1}.Debug|x64.Build.0 = Debug|Any CPU
		{F35D8282-1495-4A2E-9AD8-1612AAF40DD1}.Debug|x86.ActiveCfg = Debug|Any CPU
		{F35D8282-1495-4A2E-9AD8-1612AAF40DD1}.Debug|x86.Build.0 = Debug|Any CPU
		{F35D8282-1495-4A2E-9AD8-1612AAF40DD1}.Release|Any CPU.ActiveCfg = Release|Any CPU
		{F35D8282-1495-4A2E-9AD8-1612AAF40DD1}.Release|Any CPU.Build.0 = Release|Any CPU
		{F35D8282-1495-4A2E-9AD8-1612AAF40DD1}.Release|ARM.ActiveCfg = Release|Any CPU
		{F35D8282-1495-4A2E-9AD8-1612AAF40DD1}.Release|ARM.Build.0 = Release|Any CPU
		{F35D8282-1495-4A2E-9AD8-1612AAF40DD1}.Release|iPhone.ActiveCfg = Release|Any CPU
		{F35D8282-1495-4A2E-9AD8-1612AAF40DD1}.Release|iPhone.Build.0 = Release|Any CPU
		{F35D8282-1495-4A2E-9AD8-1612AAF40DD1}.Release|iPhoneSimulator.ActiveCfg = Release|Any CPU
		{F35D8282-1495-4A2E-9AD8-1612AAF40DD1}.Release|iPhoneSimulator.Build.0 = Release|Any CPU
		{F35D8282-1495-4A2E-9AD8-1612AAF40DD1}.Release|x64.ActiveCfg = Release|Any CPU
		{F35D8282-1495-4A2E-9AD8-1612AAF40DD1}.Release|x64.Build.0 = Release|Any CPU
		{F35D8282-1495-4A2E-9AD8-1612AAF40DD1}.Release|x86.ActiveCfg = Release|Any CPU
		{F35D8282-1495-4A2E-9AD8-1612AAF40DD1}.Release|x86.Build.0 = Release|Any CPU
		{08BD1371-7646-4341-8EDA-756A4061DBF6}.Ad-Hoc|Any CPU.ActiveCfg = Release|Any CPU
		{08BD1371-7646-4341-8EDA-756A4061DBF6}.Ad-Hoc|Any CPU.Build.0 = Release|Any CPU
		{08BD1371-7646-4341-8EDA-756A4061DBF6}.Ad-Hoc|ARM.ActiveCfg = Release|Any CPU
		{08BD1371-7646-4341-8EDA-756A4061DBF6}.Ad-Hoc|ARM.Build.0 = Release|Any CPU
		{08BD1371-7646-4341-8EDA-756A4061DBF6}.Ad-Hoc|iPhone.ActiveCfg = Release|Any CPU
		{08BD1371-7646-4341-8EDA-756A4061DBF6}.Ad-Hoc|iPhone.Build.0 = Release|Any CPU
		{08BD1371-7646-4341-8EDA-756A4061DBF6}.Ad-Hoc|iPhoneSimulator.ActiveCfg = Release|Any CPU
		{08BD1371-7646-4341-8EDA-756A4061DBF6}.Ad-Hoc|iPhoneSimulator.Build.0 = Release|Any CPU
		{08BD1371-7646-4341-8EDA-756A4061DBF6}.Ad-Hoc|x64.ActiveCfg = Release|Any CPU
		{08BD1371-7646-4341-8EDA-756A4061DBF6}.Ad-Hoc|x64.Build.0 = Release|Any CPU
		{08BD1371-7646-4341-8EDA-756A4061DBF6}.Ad-Hoc|x86.ActiveCfg = Release|Any CPU
		{08BD1371-7646-4341-8EDA-756A4061DBF6}.Ad-Hoc|x86.Build.0 = Release|Any CPU
		{08BD1371-7646-4341-8EDA-756A4061DBF6}.AppStore|Any CPU.ActiveCfg = Release|Any CPU
		{08BD1371-7646-4341-8EDA-756A4061DBF6}.AppStore|Any CPU.Build.0 = Release|Any CPU
		{08BD1371-7646-4341-8EDA-756A4061DBF6}.AppStore|ARM.ActiveCfg = Release|Any CPU
		{08BD1371-7646-4341-8EDA-756A4061DBF6}.AppStore|ARM.Build.0 = Release|Any CPU
		{08BD1371-7646-4341-8EDA-756A4061DBF6}.AppStore|iPhone.ActiveCfg = Release|Any CPU
		{08BD1371-7646-4341-8EDA-756A4061DBF6}.AppStore|iPhone.Build.0 = Release|Any CPU
		{08BD1371-7646-4341-8EDA-756A4061DBF6}.AppStore|iPhoneSimulator.ActiveCfg = Release|Any CPU
		{08BD1371-7646-4341-8EDA-756A4061DBF6}.AppStore|iPhoneSimulator.Build.0 = Release|Any CPU
		{08BD1371-7646-4341-8EDA-756A4061DBF6}.AppStore|x64.ActiveCfg = Release|Any CPU
		{08BD1371-7646-4341-8EDA-756A4061DBF6}.AppStore|x64.Build.0 = Release|Any CPU
		{08BD1371-7646-4341-8EDA-756A4061DBF6}.AppStore|x86.ActiveCfg = Release|Any CPU
		{08BD1371-7646-4341-8EDA-756A4061DBF6}.AppStore|x86.Build.0 = Release|Any CPU
		{08BD1371-7646-4341-8EDA-756A4061DBF6}.Debug|Any CPU.ActiveCfg = Debug|Any CPU
		{08BD1371-7646-4341-8EDA-756A4061DBF6}.Debug|Any CPU.Build.0 = Debug|Any CPU
		{08BD1371-7646-4341-8EDA-756A4061DBF6}.Debug|ARM.ActiveCfg = Debug|Any CPU
		{08BD1371-7646-4341-8EDA-756A4061DBF6}.Debug|ARM.Build.0 = Debug|Any CPU
		{08BD1371-7646-4341-8EDA-756A4061DBF6}.Debug|iPhone.ActiveCfg = Debug|Any CPU
		{08BD1371-7646-4341-8EDA-756A4061DBF6}.Debug|iPhone.Build.0 = Debug|Any CPU
		{08BD1371-7646-4341-8EDA-756A4061DBF6}.Debug|iPhoneSimulator.ActiveCfg = Debug|Any CPU
		{08BD1371-7646-4341-8EDA-756A4061DBF6}.Debug|iPhoneSimulator.Build.0 = Debug|Any CPU
		{08BD1371-7646-4341-8EDA-756A4061DBF6}.Debug|x64.ActiveCfg = Debug|Any CPU
		{08BD1371-7646-4341-8EDA-756A4061DBF6}.Debug|x64.Build.0 = Debug|Any CPU
		{08BD1371-7646-4341-8EDA-756A4061DBF6}.Debug|x86.ActiveCfg = Debug|Any CPU
		{08BD1371-7646-4341-8EDA-756A4061DBF6}.Debug|x86.Build.0 = Debug|Any CPU
		{08BD1371-7646-4341-8EDA-756A4061DBF6}.Release|Any CPU.ActiveCfg = Release|Any CPU
		{08BD1371-7646-4341-8EDA-756A4061DBF6}.Release|Any CPU.Build.0 = Release|Any CPU
		{08BD1371-7646-4341-8EDA-756A4061DBF6}.Release|ARM.ActiveCfg = Release|Any CPU
		{08BD1371-7646-4341-8EDA-756A4061DBF6}.Release|ARM.Build.0 = Release|Any CPU
		{08BD1371-7646-4341-8EDA-756A4061DBF6}.Release|iPhone.ActiveCfg = Release|Any CPU
		{08BD1371-7646-4341-8EDA-756A4061DBF6}.Release|iPhone.Build.0 = Release|Any CPU
		{08BD1371-7646-4341-8EDA-756A4061DBF6}.Release|iPhoneSimulator.ActiveCfg = Release|Any CPU
		{08BD1371-7646-4341-8EDA-756A4061DBF6}.Release|iPhoneSimulator.Build.0 = Release|Any CPU
		{08BD1371-7646-4341-8EDA-756A4061DBF6}.Release|x64.ActiveCfg = Release|Any CPU
		{08BD1371-7646-4341-8EDA-756A4061DBF6}.Release|x64.Build.0 = Release|Any CPU
		{08BD1371-7646-4341-8EDA-756A4061DBF6}.Release|x86.ActiveCfg = Release|Any CPU
		{08BD1371-7646-4341-8EDA-756A4061DBF6}.Release|x86.Build.0 = Release|Any CPU
		{0A6C0C1B-91F0-496E-8248-32AA1F4CD872}.Ad-Hoc|Any CPU.ActiveCfg = Release|Any CPU
		{0A6C0C1B-91F0-496E-8248-32AA1F4CD872}.Ad-Hoc|Any CPU.Build.0 = Release|Any CPU
		{0A6C0C1B-91F0-496E-8248-32AA1F4CD872}.Ad-Hoc|ARM.ActiveCfg = Release|Any CPU
		{0A6C0C1B-91F0-496E-8248-32AA1F4CD872}.Ad-Hoc|ARM.Build.0 = Release|Any CPU
		{0A6C0C1B-91F0-496E-8248-32AA1F4CD872}.Ad-Hoc|iPhone.ActiveCfg = Release|Any CPU
		{0A6C0C1B-91F0-496E-8248-32AA1F4CD872}.Ad-Hoc|iPhone.Build.0 = Release|Any CPU
		{0A6C0C1B-91F0-496E-8248-32AA1F4CD872}.Ad-Hoc|iPhoneSimulator.ActiveCfg = Release|Any CPU
		{0A6C0C1B-91F0-496E-8248-32AA1F4CD872}.Ad-Hoc|iPhoneSimulator.Build.0 = Release|Any CPU
		{0A6C0C1B-91F0-496E-8248-32AA1F4CD872}.Ad-Hoc|x64.ActiveCfg = Release|Any CPU
		{0A6C0C1B-91F0-496E-8248-32AA1F4CD872}.Ad-Hoc|x64.Build.0 = Release|Any CPU
		{0A6C0C1B-91F0-496E-8248-32AA1F4CD872}.Ad-Hoc|x86.ActiveCfg = Release|Any CPU
		{0A6C0C1B-91F0-496E-8248-32AA1F4CD872}.Ad-Hoc|x86.Build.0 = Release|Any CPU
		{0A6C0C1B-91F0-496E-8248-32AA1F4CD872}.AppStore|Any CPU.ActiveCfg = Release|Any CPU
		{0A6C0C1B-91F0-496E-8248-32AA1F4CD872}.AppStore|Any CPU.Build.0 = Release|Any CPU
		{0A6C0C1B-91F0-496E-8248-32AA1F4CD872}.AppStore|ARM.ActiveCfg = Release|Any CPU
		{0A6C0C1B-91F0-496E-8248-32AA1F4CD872}.AppStore|ARM.Build.0 = Release|Any CPU
		{0A6C0C1B-91F0-496E-8248-32AA1F4CD872}.AppStore|iPhone.ActiveCfg = Release|Any CPU
		{0A6C0C1B-91F0-496E-8248-32AA1F4CD872}.AppStore|iPhone.Build.0 = Release|Any CPU
		{0A6C0C1B-91F0-496E-8248-32AA1F4CD872}.AppStore|iPhoneSimulator.ActiveCfg = Release|Any CPU
		{0A6C0C1B-91F0-496E-8248-32AA1F4CD872}.AppStore|iPhoneSimulator.Build.0 = Release|Any CPU
		{0A6C0C1B-91F0-496E-8248-32AA1F4CD872}.AppStore|x64.ActiveCfg = Release|Any CPU
		{0A6C0C1B-91F0-496E-8248-32AA1F4CD872}.AppStore|x64.Build.0 = Release|Any CPU
		{0A6C0C1B-91F0-496E-8248-32AA1F4CD872}.AppStore|x86.ActiveCfg = Release|Any CPU
		{0A6C0C1B-91F0-496E-8248-32AA1F4CD872}.AppStore|x86.Build.0 = Release|Any CPU
		{0A6C0C1B-91F0-496E-8248-32AA1F4CD872}.Debug|Any CPU.ActiveCfg = Debug|Any CPU
		{0A6C0C1B-91F0-496E-8248-32AA1F4CD872}.Debug|Any CPU.Build.0 = Debug|Any CPU
		{0A6C0C1B-91F0-496E-8248-32AA1F4CD872}.Debug|ARM.ActiveCfg = Debug|Any CPU
		{0A6C0C1B-91F0-496E-8248-32AA1F4CD872}.Debug|ARM.Build.0 = Debug|Any CPU
		{0A6C0C1B-91F0-496E-8248-32AA1F4CD872}.Debug|iPhone.ActiveCfg = Debug|Any CPU
		{0A6C0C1B-91F0-496E-8248-32AA1F4CD872}.Debug|iPhone.Build.0 = Debug|Any CPU
		{0A6C0C1B-91F0-496E-8248-32AA1F4CD872}.Debug|iPhoneSimulator.ActiveCfg = Debug|Any CPU
		{0A6C0C1B-91F0-496E-8248-32AA1F4CD872}.Debug|iPhoneSimulator.Build.0 = Debug|Any CPU
		{0A6C0C1B-91F0-496E-8248-32AA1F4CD872}.Debug|x64.ActiveCfg = Debug|Any CPU
		{0A6C0C1B-91F0-496E-8248-32AA1F4CD872}.Debug|x64.Build.0 = Debug|Any CPU
		{0A6C0C1B-91F0-496E-8248-32AA1F4CD872}.Debug|x86.ActiveCfg = Debug|Any CPU
		{0A6C0C1B-91F0-496E-8248-32AA1F4CD872}.Debug|x86.Build.0 = Debug|Any CPU
		{0A6C0C1B-91F0-496E-8248-32AA1F4CD872}.Release|Any CPU.ActiveCfg = Release|Any CPU
		{0A6C0C1B-91F0-496E-8248-32AA1F4CD872}.Release|Any CPU.Build.0 = Release|Any CPU
		{0A6C0C1B-91F0-496E-8248-32AA1F4CD872}.Release|ARM.ActiveCfg = Release|Any CPU
		{0A6C0C1B-91F0-496E-8248-32AA1F4CD872}.Release|ARM.Build.0 = Release|Any CPU
		{0A6C0C1B-91F0-496E-8248-32AA1F4CD872}.Release|iPhone.ActiveCfg = Release|Any CPU
		{0A6C0C1B-91F0-496E-8248-32AA1F4CD872}.Release|iPhone.Build.0 = Release|Any CPU
		{0A6C0C1B-91F0-496E-8248-32AA1F4CD872}.Release|iPhoneSimulator.ActiveCfg = Release|Any CPU
		{0A6C0C1B-91F0-496E-8248-32AA1F4CD872}.Release|iPhoneSimulator.Build.0 = Release|Any CPU
		{0A6C0C1B-91F0-496E-8248-32AA1F4CD872}.Release|x64.ActiveCfg = Release|Any CPU
		{0A6C0C1B-91F0-496E-8248-32AA1F4CD872}.Release|x64.Build.0 = Release|Any CPU
		{0A6C0C1B-91F0-496E-8248-32AA1F4CD872}.Release|x86.ActiveCfg = Release|Any CPU
		{0A6C0C1B-91F0-496E-8248-32AA1F4CD872}.Release|x86.Build.0 = Release|Any CPU
		{45473847-8AF8-4BAF-B768-442C6875B8CF}.Ad-Hoc|Any CPU.ActiveCfg = Release|Any CPU
		{45473847-8AF8-4BAF-B768-442C6875B8CF}.Ad-Hoc|Any CPU.Build.0 = Release|Any CPU
		{45473847-8AF8-4BAF-B768-442C6875B8CF}.Ad-Hoc|ARM.ActiveCfg = Release|Any CPU
		{45473847-8AF8-4BAF-B768-442C6875B8CF}.Ad-Hoc|ARM.Build.0 = Release|Any CPU
		{45473847-8AF8-4BAF-B768-442C6875B8CF}.Ad-Hoc|iPhone.ActiveCfg = Release|Any CPU
		{45473847-8AF8-4BAF-B768-442C6875B8CF}.Ad-Hoc|iPhone.Build.0 = Release|Any CPU
		{45473847-8AF8-4BAF-B768-442C6875B8CF}.Ad-Hoc|iPhoneSimulator.ActiveCfg = Release|Any CPU
		{45473847-8AF8-4BAF-B768-442C6875B8CF}.Ad-Hoc|iPhoneSimulator.Build.0 = Release|Any CPU
		{45473847-8AF8-4BAF-B768-442C6875B8CF}.Ad-Hoc|x64.ActiveCfg = Release|Any CPU
		{45473847-8AF8-4BAF-B768-442C6875B8CF}.Ad-Hoc|x64.Build.0 = Release|Any CPU
		{45473847-8AF8-4BAF-B768-442C6875B8CF}.Ad-Hoc|x86.ActiveCfg = Release|Any CPU
		{45473847-8AF8-4BAF-B768-442C6875B8CF}.Ad-Hoc|x86.Build.0 = Release|Any CPU
		{45473847-8AF8-4BAF-B768-442C6875B8CF}.AppStore|Any CPU.ActiveCfg = Release|Any CPU
		{45473847-8AF8-4BAF-B768-442C6875B8CF}.AppStore|Any CPU.Build.0 = Release|Any CPU
		{45473847-8AF8-4BAF-B768-442C6875B8CF}.AppStore|ARM.ActiveCfg = Release|Any CPU
		{45473847-8AF8-4BAF-B768-442C6875B8CF}.AppStore|ARM.Build.0 = Release|Any CPU
		{45473847-8AF8-4BAF-B768-442C6875B8CF}.AppStore|iPhone.ActiveCfg = Release|Any CPU
		{45473847-8AF8-4BAF-B768-442C6875B8CF}.AppStore|iPhone.Build.0 = Release|Any CPU
		{45473847-8AF8-4BAF-B768-442C6875B8CF}.AppStore|iPhoneSimulator.ActiveCfg = Release|Any CPU
		{45473847-8AF8-4BAF-B768-442C6875B8CF}.AppStore|iPhoneSimulator.Build.0 = Release|Any CPU
		{45473847-8AF8-4BAF-B768-442C6875B8CF}.AppStore|x64.ActiveCfg = Release|Any CPU
		{45473847-8AF8-4BAF-B768-442C6875B8CF}.AppStore|x64.Build.0 = Release|Any CPU
		{45473847-8AF8-4BAF-B768-442C6875B8CF}.AppStore|x86.ActiveCfg = Release|Any CPU
		{45473847-8AF8-4BAF-B768-442C6875B8CF}.AppStore|x86.Build.0 = Release|Any CPU
		{45473847-8AF8-4BAF-B768-442C6875B8CF}.Debug|Any CPU.ActiveCfg = Debug|Any CPU
		{45473847-8AF8-4BAF-B768-442C6875B8CF}.Debug|Any CPU.Build.0 = Debug|Any CPU
		{45473847-8AF8-4BAF-B768-442C6875B8CF}.Debug|ARM.ActiveCfg = Debug|Any CPU
		{45473847-8AF8-4BAF-B768-442C6875B8CF}.Debug|ARM.Build.0 = Debug|Any CPU
		{45473847-8AF8-4BAF-B768-442C6875B8CF}.Debug|iPhone.ActiveCfg = Debug|Any CPU
		{45473847-8AF8-4BAF-B768-442C6875B8CF}.Debug|iPhone.Build.0 = Debug|Any CPU
		{45473847-8AF8-4BAF-B768-442C6875B8CF}.Debug|iPhoneSimulator.ActiveCfg = Debug|Any CPU
		{45473847-8AF8-4BAF-B768-442C6875B8CF}.Debug|iPhoneSimulator.Build.0 = Debug|Any CPU
		{45473847-8AF8-4BAF-B768-442C6875B8CF}.Debug|x64.ActiveCfg = Debug|Any CPU
		{45473847-8AF8-4BAF-B768-442C6875B8CF}.Debug|x64.Build.0 = Debug|Any CPU
		{45473847-8AF8-4BAF-B768-442C6875B8CF}.Debug|x86.ActiveCfg = Debug|Any CPU
		{45473847-8AF8-4BAF-B768-442C6875B8CF}.Debug|x86.Build.0 = Debug|Any CPU
		{45473847-8AF8-4BAF-B768-442C6875B8CF}.Release|Any CPU.ActiveCfg = Release|Any CPU
		{45473847-8AF8-4BAF-B768-442C6875B8CF}.Release|Any CPU.Build.0 = Release|Any CPU
		{45473847-8AF8-4BAF-B768-442C6875B8CF}.Release|ARM.ActiveCfg = Release|Any CPU
		{45473847-8AF8-4BAF-B768-442C6875B8CF}.Release|ARM.Build.0 = Release|Any CPU
		{45473847-8AF8-4BAF-B768-442C6875B8CF}.Release|iPhone.ActiveCfg = Release|Any CPU
		{45473847-8AF8-4BAF-B768-442C6875B8CF}.Release|iPhone.Build.0 = Release|Any CPU
		{45473847-8AF8-4BAF-B768-442C6875B8CF}.Release|iPhoneSimulator.ActiveCfg = Release|Any CPU
		{45473847-8AF8-4BAF-B768-442C6875B8CF}.Release|iPhoneSimulator.Build.0 = Release|Any CPU
		{45473847-8AF8-4BAF-B768-442C6875B8CF}.Release|x64.ActiveCfg = Release|Any CPU
		{45473847-8AF8-4BAF-B768-442C6875B8CF}.Release|x64.Build.0 = Release|Any CPU
		{45473847-8AF8-4BAF-B768-442C6875B8CF}.Release|x86.ActiveCfg = Release|Any CPU
		{45473847-8AF8-4BAF-B768-442C6875B8CF}.Release|x86.Build.0 = Release|Any CPU
		{685B393B-1456-4F2D-B338-20DCE496225B}.Ad-Hoc|Any CPU.ActiveCfg = Release|Any CPU
		{685B393B-1456-4F2D-B338-20DCE496225B}.Ad-Hoc|Any CPU.Build.0 = Release|Any CPU
		{685B393B-1456-4F2D-B338-20DCE496225B}.Ad-Hoc|ARM.ActiveCfg = Release|Any CPU
		{685B393B-1456-4F2D-B338-20DCE496225B}.Ad-Hoc|ARM.Build.0 = Release|Any CPU
		{685B393B-1456-4F2D-B338-20DCE496225B}.Ad-Hoc|iPhone.ActiveCfg = Release|Any CPU
		{685B393B-1456-4F2D-B338-20DCE496225B}.Ad-Hoc|iPhone.Build.0 = Release|Any CPU
		{685B393B-1456-4F2D-B338-20DCE496225B}.Ad-Hoc|iPhoneSimulator.ActiveCfg = Release|Any CPU
		{685B393B-1456-4F2D-B338-20DCE496225B}.Ad-Hoc|iPhoneSimulator.Build.0 = Release|Any CPU
		{685B393B-1456-4F2D-B338-20DCE496225B}.Ad-Hoc|x64.ActiveCfg = Release|x64
		{685B393B-1456-4F2D-B338-20DCE496225B}.Ad-Hoc|x64.Build.0 = Release|x64
		{685B393B-1456-4F2D-B338-20DCE496225B}.Ad-Hoc|x86.ActiveCfg = Release|x86
		{685B393B-1456-4F2D-B338-20DCE496225B}.Ad-Hoc|x86.Build.0 = Release|x86
		{685B393B-1456-4F2D-B338-20DCE496225B}.AppStore|Any CPU.ActiveCfg = Release|Any CPU
		{685B393B-1456-4F2D-B338-20DCE496225B}.AppStore|Any CPU.Build.0 = Release|Any CPU
		{685B393B-1456-4F2D-B338-20DCE496225B}.AppStore|ARM.ActiveCfg = Release|Any CPU
		{685B393B-1456-4F2D-B338-20DCE496225B}.AppStore|ARM.Build.0 = Release|Any CPU
		{685B393B-1456-4F2D-B338-20DCE496225B}.AppStore|iPhone.ActiveCfg = Release|Any CPU
		{685B393B-1456-4F2D-B338-20DCE496225B}.AppStore|iPhone.Build.0 = Release|Any CPU
		{685B393B-1456-4F2D-B338-20DCE496225B}.AppStore|iPhoneSimulator.ActiveCfg = Release|Any CPU
		{685B393B-1456-4F2D-B338-20DCE496225B}.AppStore|iPhoneSimulator.Build.0 = Release|Any CPU
		{685B393B-1456-4F2D-B338-20DCE496225B}.AppStore|x64.ActiveCfg = Release|x64
		{685B393B-1456-4F2D-B338-20DCE496225B}.AppStore|x64.Build.0 = Release|x64
		{685B393B-1456-4F2D-B338-20DCE496225B}.AppStore|x86.ActiveCfg = Release|x86
		{685B393B-1456-4F2D-B338-20DCE496225B}.AppStore|x86.Build.0 = Release|x86
		{685B393B-1456-4F2D-B338-20DCE496225B}.Debug|Any CPU.ActiveCfg = Debug|Any CPU
		{685B393B-1456-4F2D-B338-20DCE496225B}.Debug|Any CPU.Build.0 = Debug|Any CPU
		{685B393B-1456-4F2D-B338-20DCE496225B}.Debug|ARM.ActiveCfg = Debug|Any CPU
		{685B393B-1456-4F2D-B338-20DCE496225B}.Debug|ARM.Build.0 = Debug|Any CPU
		{685B393B-1456-4F2D-B338-20DCE496225B}.Debug|iPhone.ActiveCfg = Debug|Any CPU
		{685B393B-1456-4F2D-B338-20DCE496225B}.Debug|iPhone.Build.0 = Debug|Any CPU
		{685B393B-1456-4F2D-B338-20DCE496225B}.Debug|iPhoneSimulator.ActiveCfg = Debug|Any CPU
		{685B393B-1456-4F2D-B338-20DCE496225B}.Debug|iPhoneSimulator.Build.0 = Debug|Any CPU
		{685B393B-1456-4F2D-B338-20DCE496225B}.Debug|x64.ActiveCfg = Debug|x64
		{685B393B-1456-4F2D-B338-20DCE496225B}.Debug|x64.Build.0 = Debug|x64
		{685B393B-1456-4F2D-B338-20DCE496225B}.Debug|x86.ActiveCfg = Debug|x86
		{685B393B-1456-4F2D-B338-20DCE496225B}.Debug|x86.Build.0 = Debug|x86
		{685B393B-1456-4F2D-B338-20DCE496225B}.Release|Any CPU.ActiveCfg = Release|Any CPU
		{685B393B-1456-4F2D-B338-20DCE496225B}.Release|Any CPU.Build.0 = Release|Any CPU
		{685B393B-1456-4F2D-B338-20DCE496225B}.Release|ARM.ActiveCfg = Release|Any CPU
		{685B393B-1456-4F2D-B338-20DCE496225B}.Release|ARM.Build.0 = Release|Any CPU
		{685B393B-1456-4F2D-B338-20DCE496225B}.Release|iPhone.ActiveCfg = Release|Any CPU
		{685B393B-1456-4F2D-B338-20DCE496225B}.Release|iPhone.Build.0 = Release|Any CPU
		{685B393B-1456-4F2D-B338-20DCE496225B}.Release|iPhoneSimulator.ActiveCfg = Release|Any CPU
		{685B393B-1456-4F2D-B338-20DCE496225B}.Release|iPhoneSimulator.Build.0 = Release|Any CPU
		{685B393B-1456-4F2D-B338-20DCE496225B}.Release|x64.ActiveCfg = Release|x64
		{685B393B-1456-4F2D-B338-20DCE496225B}.Release|x64.Build.0 = Release|x64
		{685B393B-1456-4F2D-B338-20DCE496225B}.Release|x86.ActiveCfg = Release|x86
		{685B393B-1456-4F2D-B338-20DCE496225B}.Release|x86.Build.0 = Release|x86
		{719E78FC-77C4-42AE-AF98-F2BA9BA20BB7}.Ad-Hoc|Any CPU.ActiveCfg = Release|Any CPU
		{719E78FC-77C4-42AE-AF98-F2BA9BA20BB7}.Ad-Hoc|Any CPU.Build.0 = Release|Any CPU
		{719E78FC-77C4-42AE-AF98-F2BA9BA20BB7}.Ad-Hoc|ARM.ActiveCfg = Release|Any CPU
		{719E78FC-77C4-42AE-AF98-F2BA9BA20BB7}.Ad-Hoc|ARM.Build.0 = Release|Any CPU
		{719E78FC-77C4-42AE-AF98-F2BA9BA20BB7}.Ad-Hoc|iPhone.ActiveCfg = Release|Any CPU
		{719E78FC-77C4-42AE-AF98-F2BA9BA20BB7}.Ad-Hoc|iPhone.Build.0 = Release|Any CPU
		{719E78FC-77C4-42AE-AF98-F2BA9BA20BB7}.Ad-Hoc|iPhoneSimulator.ActiveCfg = Release|Any CPU
		{719E78FC-77C4-42AE-AF98-F2BA9BA20BB7}.Ad-Hoc|iPhoneSimulator.Build.0 = Release|Any CPU
		{719E78FC-77C4-42AE-AF98-F2BA9BA20BB7}.Ad-Hoc|x64.ActiveCfg = Release|Any CPU
		{719E78FC-77C4-42AE-AF98-F2BA9BA20BB7}.Ad-Hoc|x64.Build.0 = Release|Any CPU
		{719E78FC-77C4-42AE-AF98-F2BA9BA20BB7}.Ad-Hoc|x86.ActiveCfg = Release|Any CPU
		{719E78FC-77C4-42AE-AF98-F2BA9BA20BB7}.Ad-Hoc|x86.Build.0 = Release|Any CPU
		{719E78FC-77C4-42AE-AF98-F2BA9BA20BB7}.AppStore|Any CPU.ActiveCfg = Release|Any CPU
		{719E78FC-77C4-42AE-AF98-F2BA9BA20BB7}.AppStore|Any CPU.Build.0 = Release|Any CPU
		{719E78FC-77C4-42AE-AF98-F2BA9BA20BB7}.AppStore|ARM.ActiveCfg = Release|Any CPU
		{719E78FC-77C4-42AE-AF98-F2BA9BA20BB7}.AppStore|ARM.Build.0 = Release|Any CPU
		{719E78FC-77C4-42AE-AF98-F2BA9BA20BB7}.AppStore|iPhone.ActiveCfg = Release|Any CPU
		{719E78FC-77C4-42AE-AF98-F2BA9BA20BB7}.AppStore|iPhone.Build.0 = Release|Any CPU
		{719E78FC-77C4-42AE-AF98-F2BA9BA20BB7}.AppStore|iPhoneSimulator.ActiveCfg = Release|Any CPU
		{719E78FC-77C4-42AE-AF98-F2BA9BA20BB7}.AppStore|iPhoneSimulator.Build.0 = Release|Any CPU
		{719E78FC-77C4-42AE-AF98-F2BA9BA20BB7}.AppStore|x64.ActiveCfg = Release|Any CPU
		{719E78FC-77C4-42AE-AF98-F2BA9BA20BB7}.AppStore|x64.Build.0 = Release|Any CPU
		{719E78FC-77C4-42AE-AF98-F2BA9BA20BB7}.AppStore|x86.ActiveCfg = Release|Any CPU
		{719E78FC-77C4-42AE-AF98-F2BA9BA20BB7}.AppStore|x86.Build.0 = Release|Any CPU
		{719E78FC-77C4-42AE-AF98-F2BA9BA20BB7}.Debug|Any CPU.ActiveCfg = Debug|Any CPU
		{719E78FC-77C4-42AE-AF98-F2BA9BA20BB7}.Debug|Any CPU.Build.0 = Debug|Any CPU
		{719E78FC-77C4-42AE-AF98-F2BA9BA20BB7}.Debug|ARM.ActiveCfg = Debug|Any CPU
		{719E78FC-77C4-42AE-AF98-F2BA9BA20BB7}.Debug|ARM.Build.0 = Debug|Any CPU
		{719E78FC-77C4-42AE-AF98-F2BA9BA20BB7}.Debug|iPhone.ActiveCfg = Debug|Any CPU
		{719E78FC-77C4-42AE-AF98-F2BA9BA20BB7}.Debug|iPhone.Build.0 = Debug|Any CPU
		{719E78FC-77C4-42AE-AF98-F2BA9BA20BB7}.Debug|iPhoneSimulator.ActiveCfg = Debug|Any CPU
		{719E78FC-77C4-42AE-AF98-F2BA9BA20BB7}.Debug|iPhoneSimulator.Build.0 = Debug|Any CPU
		{719E78FC-77C4-42AE-AF98-F2BA9BA20BB7}.Debug|x64.ActiveCfg = Debug|Any CPU
		{719E78FC-77C4-42AE-AF98-F2BA9BA20BB7}.Debug|x64.Build.0 = Debug|Any CPU
		{719E78FC-77C4-42AE-AF98-F2BA9BA20BB7}.Debug|x86.ActiveCfg = Debug|Any CPU
		{719E78FC-77C4-42AE-AF98-F2BA9BA20BB7}.Debug|x86.Build.0 = Debug|Any CPU
		{719E78FC-77C4-42AE-AF98-F2BA9BA20BB7}.Release|Any CPU.ActiveCfg = Release|Any CPU
		{719E78FC-77C4-42AE-AF98-F2BA9BA20BB7}.Release|Any CPU.Build.0 = Release|Any CPU
		{719E78FC-77C4-42AE-AF98-F2BA9BA20BB7}.Release|ARM.ActiveCfg = Release|Any CPU
		{719E78FC-77C4-42AE-AF98-F2BA9BA20BB7}.Release|ARM.Build.0 = Release|Any CPU
		{719E78FC-77C4-42AE-AF98-F2BA9BA20BB7}.Release|iPhone.ActiveCfg = Release|Any CPU
		{719E78FC-77C4-42AE-AF98-F2BA9BA20BB7}.Release|iPhone.Build.0 = Release|Any CPU
		{719E78FC-77C4-42AE-AF98-F2BA9BA20BB7}.Release|iPhoneSimulator.ActiveCfg = Release|Any CPU
		{719E78FC-77C4-42AE-AF98-F2BA9BA20BB7}.Release|iPhoneSimulator.Build.0 = Release|Any CPU
		{719E78FC-77C4-42AE-AF98-F2BA9BA20BB7}.Release|x64.ActiveCfg = Release|Any CPU
		{719E78FC-77C4-42AE-AF98-F2BA9BA20BB7}.Release|x64.Build.0 = Release|Any CPU
		{719E78FC-77C4-42AE-AF98-F2BA9BA20BB7}.Release|x86.ActiveCfg = Release|Any CPU
		{719E78FC-77C4-42AE-AF98-F2BA9BA20BB7}.Release|x86.Build.0 = Release|Any CPU
		{DDBA76D9-B538-4E7B-8D5D-831337750DD5}.Ad-Hoc|Any CPU.ActiveCfg = Release|Any CPU
		{DDBA76D9-B538-4E7B-8D5D-831337750DD5}.Ad-Hoc|Any CPU.Build.0 = Release|Any CPU
		{DDBA76D9-B538-4E7B-8D5D-831337750DD5}.Ad-Hoc|Any CPU.Deploy.0 = Release|Any CPU
		{DDBA76D9-B538-4E7B-8D5D-831337750DD5}.Ad-Hoc|ARM.ActiveCfg = Release|Any CPU
		{DDBA76D9-B538-4E7B-8D5D-831337750DD5}.Ad-Hoc|ARM.Build.0 = Release|Any CPU
		{DDBA76D9-B538-4E7B-8D5D-831337750DD5}.Ad-Hoc|ARM.Deploy.0 = Release|Any CPU
		{DDBA76D9-B538-4E7B-8D5D-831337750DD5}.Ad-Hoc|iPhone.ActiveCfg = Release|Any CPU
		{DDBA76D9-B538-4E7B-8D5D-831337750DD5}.Ad-Hoc|iPhone.Build.0 = Release|Any CPU
		{DDBA76D9-B538-4E7B-8D5D-831337750DD5}.Ad-Hoc|iPhone.Deploy.0 = Release|Any CPU
		{DDBA76D9-B538-4E7B-8D5D-831337750DD5}.Ad-Hoc|iPhoneSimulator.ActiveCfg = Release|Any CPU
		{DDBA76D9-B538-4E7B-8D5D-831337750DD5}.Ad-Hoc|iPhoneSimulator.Build.0 = Release|Any CPU
		{DDBA76D9-B538-4E7B-8D5D-831337750DD5}.Ad-Hoc|iPhoneSimulator.Deploy.0 = Release|Any CPU
		{DDBA76D9-B538-4E7B-8D5D-831337750DD5}.Ad-Hoc|x64.ActiveCfg = Release|Any CPU
		{DDBA76D9-B538-4E7B-8D5D-831337750DD5}.Ad-Hoc|x64.Build.0 = Release|Any CPU
		{DDBA76D9-B538-4E7B-8D5D-831337750DD5}.Ad-Hoc|x64.Deploy.0 = Release|Any CPU
		{DDBA76D9-B538-4E7B-8D5D-831337750DD5}.Ad-Hoc|x86.ActiveCfg = Release|Any CPU
		{DDBA76D9-B538-4E7B-8D5D-831337750DD5}.Ad-Hoc|x86.Build.0 = Release|Any CPU
		{DDBA76D9-B538-4E7B-8D5D-831337750DD5}.Ad-Hoc|x86.Deploy.0 = Release|Any CPU
		{DDBA76D9-B538-4E7B-8D5D-831337750DD5}.AppStore|Any CPU.ActiveCfg = Release|Any CPU
		{DDBA76D9-B538-4E7B-8D5D-831337750DD5}.AppStore|Any CPU.Build.0 = Release|Any CPU
		{DDBA76D9-B538-4E7B-8D5D-831337750DD5}.AppStore|Any CPU.Deploy.0 = Release|Any CPU
		{DDBA76D9-B538-4E7B-8D5D-831337750DD5}.AppStore|ARM.ActiveCfg = Release|Any CPU
		{DDBA76D9-B538-4E7B-8D5D-831337750DD5}.AppStore|ARM.Build.0 = Release|Any CPU
		{DDBA76D9-B538-4E7B-8D5D-831337750DD5}.AppStore|ARM.Deploy.0 = Release|Any CPU
		{DDBA76D9-B538-4E7B-8D5D-831337750DD5}.AppStore|iPhone.ActiveCfg = Release|Any CPU
		{DDBA76D9-B538-4E7B-8D5D-831337750DD5}.AppStore|iPhone.Build.0 = Release|Any CPU
		{DDBA76D9-B538-4E7B-8D5D-831337750DD5}.AppStore|iPhone.Deploy.0 = Release|Any CPU
		{DDBA76D9-B538-4E7B-8D5D-831337750DD5}.AppStore|iPhoneSimulator.ActiveCfg = Release|Any CPU
		{DDBA76D9-B538-4E7B-8D5D-831337750DD5}.AppStore|iPhoneSimulator.Build.0 = Release|Any CPU
		{DDBA76D9-B538-4E7B-8D5D-831337750DD5}.AppStore|iPhoneSimulator.Deploy.0 = Release|Any CPU
		{DDBA76D9-B538-4E7B-8D5D-831337750DD5}.AppStore|x64.ActiveCfg = Release|Any CPU
		{DDBA76D9-B538-4E7B-8D5D-831337750DD5}.AppStore|x64.Build.0 = Release|Any CPU
		{DDBA76D9-B538-4E7B-8D5D-831337750DD5}.AppStore|x64.Deploy.0 = Release|Any CPU
		{DDBA76D9-B538-4E7B-8D5D-831337750DD5}.AppStore|x86.ActiveCfg = Release|Any CPU
		{DDBA76D9-B538-4E7B-8D5D-831337750DD5}.AppStore|x86.Build.0 = Release|Any CPU
		{DDBA76D9-B538-4E7B-8D5D-831337750DD5}.AppStore|x86.Deploy.0 = Release|Any CPU
		{DDBA76D9-B538-4E7B-8D5D-831337750DD5}.Debug|Any CPU.ActiveCfg = Debug|Any CPU
		{DDBA76D9-B538-4E7B-8D5D-831337750DD5}.Debug|Any CPU.Build.0 = Debug|Any CPU
		{DDBA76D9-B538-4E7B-8D5D-831337750DD5}.Debug|Any CPU.Deploy.0 = Debug|Any CPU
		{DDBA76D9-B538-4E7B-8D5D-831337750DD5}.Debug|ARM.ActiveCfg = Debug|Any CPU
		{DDBA76D9-B538-4E7B-8D5D-831337750DD5}.Debug|ARM.Build.0 = Debug|Any CPU
		{DDBA76D9-B538-4E7B-8D5D-831337750DD5}.Debug|ARM.Deploy.0 = Debug|Any CPU
		{DDBA76D9-B538-4E7B-8D5D-831337750DD5}.Debug|iPhone.ActiveCfg = Debug|Any CPU
		{DDBA76D9-B538-4E7B-8D5D-831337750DD5}.Debug|iPhone.Build.0 = Debug|Any CPU
		{DDBA76D9-B538-4E7B-8D5D-831337750DD5}.Debug|iPhone.Deploy.0 = Debug|Any CPU
		{DDBA76D9-B538-4E7B-8D5D-831337750DD5}.Debug|iPhoneSimulator.ActiveCfg = Debug|Any CPU
		{DDBA76D9-B538-4E7B-8D5D-831337750DD5}.Debug|iPhoneSimulator.Build.0 = Debug|Any CPU
		{DDBA76D9-B538-4E7B-8D5D-831337750DD5}.Debug|iPhoneSimulator.Deploy.0 = Debug|Any CPU
		{DDBA76D9-B538-4E7B-8D5D-831337750DD5}.Debug|x64.ActiveCfg = Debug|Any CPU
		{DDBA76D9-B538-4E7B-8D5D-831337750DD5}.Debug|x64.Build.0 = Debug|Any CPU
		{DDBA76D9-B538-4E7B-8D5D-831337750DD5}.Debug|x64.Deploy.0 = Debug|Any CPU
		{DDBA76D9-B538-4E7B-8D5D-831337750DD5}.Debug|x86.ActiveCfg = Debug|Any CPU
		{DDBA76D9-B538-4E7B-8D5D-831337750DD5}.Debug|x86.Build.0 = Debug|Any CPU
		{DDBA76D9-B538-4E7B-8D5D-831337750DD5}.Debug|x86.Deploy.0 = Debug|Any CPU
		{DDBA76D9-B538-4E7B-8D5D-831337750DD5}.Release|Any CPU.ActiveCfg = Release|Any CPU
		{DDBA76D9-B538-4E7B-8D5D-831337750DD5}.Release|Any CPU.Build.0 = Release|Any CPU
		{DDBA76D9-B538-4E7B-8D5D-831337750DD5}.Release|Any CPU.Deploy.0 = Release|Any CPU
		{DDBA76D9-B538-4E7B-8D5D-831337750DD5}.Release|ARM.ActiveCfg = Release|Any CPU
		{DDBA76D9-B538-4E7B-8D5D-831337750DD5}.Release|ARM.Build.0 = Release|Any CPU
		{DDBA76D9-B538-4E7B-8D5D-831337750DD5}.Release|ARM.Deploy.0 = Release|Any CPU
		{DDBA76D9-B538-4E7B-8D5D-831337750DD5}.Release|iPhone.ActiveCfg = Release|Any CPU
		{DDBA76D9-B538-4E7B-8D5D-831337750DD5}.Release|iPhone.Build.0 = Release|Any CPU
		{DDBA76D9-B538-4E7B-8D5D-831337750DD5}.Release|iPhone.Deploy.0 = Release|Any CPU
		{DDBA76D9-B538-4E7B-8D5D-831337750DD5}.Release|iPhoneSimulator.ActiveCfg = Release|Any CPU
		{DDBA76D9-B538-4E7B-8D5D-831337750DD5}.Release|iPhoneSimulator.Build.0 = Release|Any CPU
		{DDBA76D9-B538-4E7B-8D5D-831337750DD5}.Release|iPhoneSimulator.Deploy.0 = Release|Any CPU
		{DDBA76D9-B538-4E7B-8D5D-831337750DD5}.Release|x64.ActiveCfg = Release|Any CPU
		{DDBA76D9-B538-4E7B-8D5D-831337750DD5}.Release|x64.Build.0 = Release|Any CPU
		{DDBA76D9-B538-4E7B-8D5D-831337750DD5}.Release|x64.Deploy.0 = Release|Any CPU
		{DDBA76D9-B538-4E7B-8D5D-831337750DD5}.Release|x86.ActiveCfg = Release|Any CPU
		{DDBA76D9-B538-4E7B-8D5D-831337750DD5}.Release|x86.Build.0 = Release|Any CPU
		{DDBA76D9-B538-4E7B-8D5D-831337750DD5}.Release|x86.Deploy.0 = Release|Any CPU
		{11CFFFB0-BB73-4484-8F30-AE06E0BBBAFC}.Ad-Hoc|Any CPU.ActiveCfg = Ad-Hoc|iPhone
		{11CFFFB0-BB73-4484-8F30-AE06E0BBBAFC}.Ad-Hoc|ARM.ActiveCfg = Ad-Hoc|iPhone
		{11CFFFB0-BB73-4484-8F30-AE06E0BBBAFC}.Ad-Hoc|iPhone.ActiveCfg = Ad-Hoc|iPhone
		{11CFFFB0-BB73-4484-8F30-AE06E0BBBAFC}.Ad-Hoc|iPhone.Build.0 = Ad-Hoc|iPhone
		{11CFFFB0-BB73-4484-8F30-AE06E0BBBAFC}.Ad-Hoc|iPhoneSimulator.ActiveCfg = Ad-Hoc|iPhoneSimulator
		{11CFFFB0-BB73-4484-8F30-AE06E0BBBAFC}.Ad-Hoc|iPhoneSimulator.Build.0 = Ad-Hoc|iPhoneSimulator
		{11CFFFB0-BB73-4484-8F30-AE06E0BBBAFC}.Ad-Hoc|x64.ActiveCfg = Ad-Hoc|iPhone
		{11CFFFB0-BB73-4484-8F30-AE06E0BBBAFC}.Ad-Hoc|x86.ActiveCfg = Ad-Hoc|iPhone
		{11CFFFB0-BB73-4484-8F30-AE06E0BBBAFC}.AppStore|Any CPU.ActiveCfg = AppStore|iPhone
		{11CFFFB0-BB73-4484-8F30-AE06E0BBBAFC}.AppStore|ARM.ActiveCfg = AppStore|iPhone
		{11CFFFB0-BB73-4484-8F30-AE06E0BBBAFC}.AppStore|iPhone.ActiveCfg = AppStore|iPhone
		{11CFFFB0-BB73-4484-8F30-AE06E0BBBAFC}.AppStore|iPhone.Build.0 = AppStore|iPhone
		{11CFFFB0-BB73-4484-8F30-AE06E0BBBAFC}.AppStore|iPhoneSimulator.ActiveCfg = AppStore|iPhoneSimulator
		{11CFFFB0-BB73-4484-8F30-AE06E0BBBAFC}.AppStore|iPhoneSimulator.Build.0 = AppStore|iPhoneSimulator
		{11CFFFB0-BB73-4484-8F30-AE06E0BBBAFC}.AppStore|x64.ActiveCfg = AppStore|iPhone
		{11CFFFB0-BB73-4484-8F30-AE06E0BBBAFC}.AppStore|x86.ActiveCfg = AppStore|iPhone
		{11CFFFB0-BB73-4484-8F30-AE06E0BBBAFC}.Debug|Any CPU.ActiveCfg = Debug|iPhone
		{11CFFFB0-BB73-4484-8F30-AE06E0BBBAFC}.Debug|ARM.ActiveCfg = Debug|iPhone
		{11CFFFB0-BB73-4484-8F30-AE06E0BBBAFC}.Debug|iPhone.ActiveCfg = Debug|iPhone
		{11CFFFB0-BB73-4484-8F30-AE06E0BBBAFC}.Debug|iPhone.Build.0 = Debug|iPhone
		{11CFFFB0-BB73-4484-8F30-AE06E0BBBAFC}.Debug|iPhoneSimulator.ActiveCfg = Debug|iPhoneSimulator
		{11CFFFB0-BB73-4484-8F30-AE06E0BBBAFC}.Debug|iPhoneSimulator.Build.0 = Debug|iPhoneSimulator
		{11CFFFB0-BB73-4484-8F30-AE06E0BBBAFC}.Debug|x64.ActiveCfg = Debug|iPhone
		{11CFFFB0-BB73-4484-8F30-AE06E0BBBAFC}.Debug|x86.ActiveCfg = Debug|iPhone
		{11CFFFB0-BB73-4484-8F30-AE06E0BBBAFC}.Release|Any CPU.ActiveCfg = Release|iPhone
		{11CFFFB0-BB73-4484-8F30-AE06E0BBBAFC}.Release|ARM.ActiveCfg = Release|iPhone
		{11CFFFB0-BB73-4484-8F30-AE06E0BBBAFC}.Release|iPhone.ActiveCfg = Release|iPhone
		{11CFFFB0-BB73-4484-8F30-AE06E0BBBAFC}.Release|iPhone.Build.0 = Release|iPhone
		{11CFFFB0-BB73-4484-8F30-AE06E0BBBAFC}.Release|iPhoneSimulator.ActiveCfg = Release|iPhoneSimulator
		{11CFFFB0-BB73-4484-8F30-AE06E0BBBAFC}.Release|iPhoneSimulator.Build.0 = Release|iPhoneSimulator
		{11CFFFB0-BB73-4484-8F30-AE06E0BBBAFC}.Release|x64.ActiveCfg = Release|iPhone
		{11CFFFB0-BB73-4484-8F30-AE06E0BBBAFC}.Release|x86.ActiveCfg = Release|iPhone
		{E02A1B5A-45C4-4344-8419-A2ACD9A0334E}.Ad-Hoc|Any CPU.ActiveCfg = Release|x86
		{E02A1B5A-45C4-4344-8419-A2ACD9A0334E}.Ad-Hoc|Any CPU.Build.0 = Release|x86
		{E02A1B5A-45C4-4344-8419-A2ACD9A0334E}.Ad-Hoc|Any CPU.Deploy.0 = Release|x86
		{E02A1B5A-45C4-4344-8419-A2ACD9A0334E}.Ad-Hoc|ARM.ActiveCfg = Release|ARM
		{E02A1B5A-45C4-4344-8419-A2ACD9A0334E}.Ad-Hoc|ARM.Build.0 = Release|ARM
		{E02A1B5A-45C4-4344-8419-A2ACD9A0334E}.Ad-Hoc|ARM.Deploy.0 = Release|ARM
		{E02A1B5A-45C4-4344-8419-A2ACD9A0334E}.Ad-Hoc|iPhone.ActiveCfg = Release|x86
		{E02A1B5A-45C4-4344-8419-A2ACD9A0334E}.Ad-Hoc|iPhone.Build.0 = Release|x86
		{E02A1B5A-45C4-4344-8419-A2ACD9A0334E}.Ad-Hoc|iPhone.Deploy.0 = Release|x86
		{E02A1B5A-45C4-4344-8419-A2ACD9A0334E}.Ad-Hoc|iPhoneSimulator.ActiveCfg = Release|x86
		{E02A1B5A-45C4-4344-8419-A2ACD9A0334E}.Ad-Hoc|iPhoneSimulator.Build.0 = Release|x86
		{E02A1B5A-45C4-4344-8419-A2ACD9A0334E}.Ad-Hoc|iPhoneSimulator.Deploy.0 = Release|x86
		{E02A1B5A-45C4-4344-8419-A2ACD9A0334E}.Ad-Hoc|x64.ActiveCfg = Release|x64
		{E02A1B5A-45C4-4344-8419-A2ACD9A0334E}.Ad-Hoc|x64.Build.0 = Release|x64
		{E02A1B5A-45C4-4344-8419-A2ACD9A0334E}.Ad-Hoc|x64.Deploy.0 = Release|x64
		{E02A1B5A-45C4-4344-8419-A2ACD9A0334E}.Ad-Hoc|x86.ActiveCfg = Release|x86
		{E02A1B5A-45C4-4344-8419-A2ACD9A0334E}.Ad-Hoc|x86.Build.0 = Release|x86
		{E02A1B5A-45C4-4344-8419-A2ACD9A0334E}.Ad-Hoc|x86.Deploy.0 = Release|x86
		{E02A1B5A-45C4-4344-8419-A2ACD9A0334E}.AppStore|Any CPU.ActiveCfg = Release|x86
		{E02A1B5A-45C4-4344-8419-A2ACD9A0334E}.AppStore|Any CPU.Build.0 = Release|x86
		{E02A1B5A-45C4-4344-8419-A2ACD9A0334E}.AppStore|Any CPU.Deploy.0 = Release|x86
		{E02A1B5A-45C4-4344-8419-A2ACD9A0334E}.AppStore|ARM.ActiveCfg = Release|ARM
		{E02A1B5A-45C4-4344-8419-A2ACD9A0334E}.AppStore|ARM.Build.0 = Release|ARM
		{E02A1B5A-45C4-4344-8419-A2ACD9A0334E}.AppStore|ARM.Deploy.0 = Release|ARM
		{E02A1B5A-45C4-4344-8419-A2ACD9A0334E}.AppStore|iPhone.ActiveCfg = Release|x86
		{E02A1B5A-45C4-4344-8419-A2ACD9A0334E}.AppStore|iPhone.Build.0 = Release|x86
		{E02A1B5A-45C4-4344-8419-A2ACD9A0334E}.AppStore|iPhone.Deploy.0 = Release|x86
		{E02A1B5A-45C4-4344-8419-A2ACD9A0334E}.AppStore|iPhoneSimulator.ActiveCfg = Release|x86
		{E02A1B5A-45C4-4344-8419-A2ACD9A0334E}.AppStore|iPhoneSimulator.Build.0 = Release|x86
		{E02A1B5A-45C4-4344-8419-A2ACD9A0334E}.AppStore|iPhoneSimulator.Deploy.0 = Release|x86
		{E02A1B5A-45C4-4344-8419-A2ACD9A0334E}.AppStore|x64.ActiveCfg = Release|x64
		{E02A1B5A-45C4-4344-8419-A2ACD9A0334E}.AppStore|x64.Build.0 = Release|x64
		{E02A1B5A-45C4-4344-8419-A2ACD9A0334E}.AppStore|x64.Deploy.0 = Release|x64
		{E02A1B5A-45C4-4344-8419-A2ACD9A0334E}.AppStore|x86.ActiveCfg = Release|x86
		{E02A1B5A-45C4-4344-8419-A2ACD9A0334E}.AppStore|x86.Build.0 = Release|x86
		{E02A1B5A-45C4-4344-8419-A2ACD9A0334E}.AppStore|x86.Deploy.0 = Release|x86
		{E02A1B5A-45C4-4344-8419-A2ACD9A0334E}.Debug|Any CPU.ActiveCfg = Debug|x86
		{E02A1B5A-45C4-4344-8419-A2ACD9A0334E}.Debug|ARM.ActiveCfg = Debug|ARM
		{E02A1B5A-45C4-4344-8419-A2ACD9A0334E}.Debug|ARM.Build.0 = Debug|ARM
		{E02A1B5A-45C4-4344-8419-A2ACD9A0334E}.Debug|ARM.Deploy.0 = Debug|ARM
		{E02A1B5A-45C4-4344-8419-A2ACD9A0334E}.Debug|iPhone.ActiveCfg = Debug|x86
		{E02A1B5A-45C4-4344-8419-A2ACD9A0334E}.Debug|iPhoneSimulator.ActiveCfg = Debug|x86
		{E02A1B5A-45C4-4344-8419-A2ACD9A0334E}.Debug|x64.ActiveCfg = Debug|x64
		{E02A1B5A-45C4-4344-8419-A2ACD9A0334E}.Debug|x64.Build.0 = Debug|x64
		{E02A1B5A-45C4-4344-8419-A2ACD9A0334E}.Debug|x64.Deploy.0 = Debug|x64
		{E02A1B5A-45C4-4344-8419-A2ACD9A0334E}.Debug|x86.ActiveCfg = Debug|x86
		{E02A1B5A-45C4-4344-8419-A2ACD9A0334E}.Debug|x86.Build.0 = Debug|x86
		{E02A1B5A-45C4-4344-8419-A2ACD9A0334E}.Debug|x86.Deploy.0 = Debug|x86
		{E02A1B5A-45C4-4344-8419-A2ACD9A0334E}.Release|Any CPU.ActiveCfg = Release|x86
		{E02A1B5A-45C4-4344-8419-A2ACD9A0334E}.Release|ARM.ActiveCfg = Release|ARM
		{E02A1B5A-45C4-4344-8419-A2ACD9A0334E}.Release|ARM.Build.0 = Release|ARM
		{E02A1B5A-45C4-4344-8419-A2ACD9A0334E}.Release|ARM.Deploy.0 = Release|ARM
		{E02A1B5A-45C4-4344-8419-A2ACD9A0334E}.Release|iPhone.ActiveCfg = Release|x86
		{E02A1B5A-45C4-4344-8419-A2ACD9A0334E}.Release|iPhoneSimulator.ActiveCfg = Release|x86
		{E02A1B5A-45C4-4344-8419-A2ACD9A0334E}.Release|x64.ActiveCfg = Release|x64
		{E02A1B5A-45C4-4344-8419-A2ACD9A0334E}.Release|x64.Build.0 = Release|x64
		{E02A1B5A-45C4-4344-8419-A2ACD9A0334E}.Release|x64.Deploy.0 = Release|x64
		{E02A1B5A-45C4-4344-8419-A2ACD9A0334E}.Release|x86.ActiveCfg = Release|x86
		{E02A1B5A-45C4-4344-8419-A2ACD9A0334E}.Release|x86.Build.0 = Release|x86
		{E02A1B5A-45C4-4344-8419-A2ACD9A0334E}.Release|x86.Deploy.0 = Release|x86
		{6D17B919-6422-4DAB-8D13-40F22AE1C55F}.Ad-Hoc|Any CPU.ActiveCfg = Debug|Any CPU
		{6D17B919-6422-4DAB-8D13-40F22AE1C55F}.Ad-Hoc|Any CPU.Build.0 = Debug|Any CPU
		{6D17B919-6422-4DAB-8D13-40F22AE1C55F}.Ad-Hoc|ARM.ActiveCfg = Debug|Any CPU
		{6D17B919-6422-4DAB-8D13-40F22AE1C55F}.Ad-Hoc|ARM.Build.0 = Debug|Any CPU
		{6D17B919-6422-4DAB-8D13-40F22AE1C55F}.Ad-Hoc|iPhone.ActiveCfg = Debug|Any CPU
		{6D17B919-6422-4DAB-8D13-40F22AE1C55F}.Ad-Hoc|iPhone.Build.0 = Debug|Any CPU
		{6D17B919-6422-4DAB-8D13-40F22AE1C55F}.Ad-Hoc|iPhoneSimulator.ActiveCfg = Debug|Any CPU
		{6D17B919-6422-4DAB-8D13-40F22AE1C55F}.Ad-Hoc|iPhoneSimulator.Build.0 = Debug|Any CPU
		{6D17B919-6422-4DAB-8D13-40F22AE1C55F}.Ad-Hoc|x64.ActiveCfg = Debug|Any CPU
		{6D17B919-6422-4DAB-8D13-40F22AE1C55F}.Ad-Hoc|x64.Build.0 = Debug|Any CPU
		{6D17B919-6422-4DAB-8D13-40F22AE1C55F}.Ad-Hoc|x86.ActiveCfg = Debug|Any CPU
		{6D17B919-6422-4DAB-8D13-40F22AE1C55F}.Ad-Hoc|x86.Build.0 = Debug|Any CPU
		{6D17B919-6422-4DAB-8D13-40F22AE1C55F}.AppStore|Any CPU.ActiveCfg = Debug|Any CPU
		{6D17B919-6422-4DAB-8D13-40F22AE1C55F}.AppStore|Any CPU.Build.0 = Debug|Any CPU
		{6D17B919-6422-4DAB-8D13-40F22AE1C55F}.AppStore|ARM.ActiveCfg = Debug|Any CPU
		{6D17B919-6422-4DAB-8D13-40F22AE1C55F}.AppStore|ARM.Build.0 = Debug|Any CPU
		{6D17B919-6422-4DAB-8D13-40F22AE1C55F}.AppStore|iPhone.ActiveCfg = Debug|Any CPU
		{6D17B919-6422-4DAB-8D13-40F22AE1C55F}.AppStore|iPhone.Build.0 = Debug|Any CPU
		{6D17B919-6422-4DAB-8D13-40F22AE1C55F}.AppStore|iPhoneSimulator.ActiveCfg = Debug|Any CPU
		{6D17B919-6422-4DAB-8D13-40F22AE1C55F}.AppStore|iPhoneSimulator.Build.0 = Debug|Any CPU
		{6D17B919-6422-4DAB-8D13-40F22AE1C55F}.AppStore|x64.ActiveCfg = Debug|Any CPU
		{6D17B919-6422-4DAB-8D13-40F22AE1C55F}.AppStore|x64.Build.0 = Debug|Any CPU
		{6D17B919-6422-4DAB-8D13-40F22AE1C55F}.AppStore|x86.ActiveCfg = Debug|Any CPU
		{6D17B919-6422-4DAB-8D13-40F22AE1C55F}.AppStore|x86.Build.0 = Debug|Any CPU
		{6D17B919-6422-4DAB-8D13-40F22AE1C55F}.Debug|Any CPU.ActiveCfg = Debug|Any CPU
		{6D17B919-6422-4DAB-8D13-40F22AE1C55F}.Debug|Any CPU.Build.0 = Debug|Any CPU
		{6D17B919-6422-4DAB-8D13-40F22AE1C55F}.Debug|ARM.ActiveCfg = Debug|Any CPU
		{6D17B919-6422-4DAB-8D13-40F22AE1C55F}.Debug|ARM.Build.0 = Debug|Any CPU
		{6D17B919-6422-4DAB-8D13-40F22AE1C55F}.Debug|iPhone.ActiveCfg = Debug|Any CPU
		{6D17B919-6422-4DAB-8D13-40F22AE1C55F}.Debug|iPhone.Build.0 = Debug|Any CPU
		{6D17B919-6422-4DAB-8D13-40F22AE1C55F}.Debug|iPhoneSimulator.ActiveCfg = Debug|Any CPU
		{6D17B919-6422-4DAB-8D13-40F22AE1C55F}.Debug|iPhoneSimulator.Build.0 = Debug|Any CPU
		{6D17B919-6422-4DAB-8D13-40F22AE1C55F}.Debug|x64.ActiveCfg = Debug|Any CPU
		{6D17B919-6422-4DAB-8D13-40F22AE1C55F}.Debug|x64.Build.0 = Debug|Any CPU
		{6D17B919-6422-4DAB-8D13-40F22AE1C55F}.Debug|x86.ActiveCfg = Debug|Any CPU
		{6D17B919-6422-4DAB-8D13-40F22AE1C55F}.Debug|x86.Build.0 = Debug|Any CPU
		{6D17B919-6422-4DAB-8D13-40F22AE1C55F}.Release|Any CPU.ActiveCfg = Release|Any CPU
		{6D17B919-6422-4DAB-8D13-40F22AE1C55F}.Release|Any CPU.Build.0 = Release|Any CPU
		{6D17B919-6422-4DAB-8D13-40F22AE1C55F}.Release|ARM.ActiveCfg = Release|Any CPU
		{6D17B919-6422-4DAB-8D13-40F22AE1C55F}.Release|ARM.Build.0 = Release|Any CPU
		{6D17B919-6422-4DAB-8D13-40F22AE1C55F}.Release|iPhone.ActiveCfg = Release|Any CPU
		{6D17B919-6422-4DAB-8D13-40F22AE1C55F}.Release|iPhone.Build.0 = Release|Any CPU
		{6D17B919-6422-4DAB-8D13-40F22AE1C55F}.Release|iPhoneSimulator.ActiveCfg = Release|Any CPU
		{6D17B919-6422-4DAB-8D13-40F22AE1C55F}.Release|iPhoneSimulator.Build.0 = Release|Any CPU
		{6D17B919-6422-4DAB-8D13-40F22AE1C55F}.Release|x64.ActiveCfg = Release|Any CPU
		{6D17B919-6422-4DAB-8D13-40F22AE1C55F}.Release|x64.Build.0 = Release|Any CPU
		{6D17B919-6422-4DAB-8D13-40F22AE1C55F}.Release|x86.ActiveCfg = Release|Any CPU
		{6D17B919-6422-4DAB-8D13-40F22AE1C55F}.Release|x86.Build.0 = Release|Any CPU
	EndGlobalSection
	GlobalSection(SolutionProperties) = preSolution
		HideSolutionNode = FALSE
	EndGlobalSection
	GlobalSection(NestedProjects) = preSolution
		{26798E26-3520-4A64-A73A-B098A8DB7077} = {8248B5DF-6154-479A-B679-29DE0CE5A192}
		{45473847-8AF8-4BAF-B768-442C6875B8CF} = {8248B5DF-6154-479A-B679-29DE0CE5A192}
		{685B393B-1456-4F2D-B338-20DCE496225B} = {8248B5DF-6154-479A-B679-29DE0CE5A192}
	EndGlobalSection
	GlobalSection(ExtensibilityGlobals) = postSolution
		SolutionGuid = {4709CA2C-CDD3-4A11-87AB-B13D33C8F9E0}
	EndGlobalSection
EndGlobal
